version = 1
revision = 3
requires-python = ">=3.12"

[[package]]
name = "anyio"
version = "4.12.1"
source = { registry = "https://pypi.org/simple" }
dependencies = [
    { name = "idna" },
    { name = "typing-extensions", marker = "python_full_version < '3.13'" },
]
sdist = { url = "https://files.pythonhosted.org/packages/96/f0/5eb65b2bb0d09ac6776f2eb54adee6abe8228ea05b20a5ad0e4945de8aac/anyio-4.12.1.tar.gz", hash = "sha256:41cfcc3a4c85d3f05c932da7c26d0201ac36f72abd4435ba90d0464a3ffed703", size = 228685, upload-time = "2026-01-06T11:45:21.246Z" }
wheels = [
    { url = "https://files.pythonhosted.org/packages/38/0e/27be9fdef66e72d64c0cdc3cc2823101b80585f8119b5c112c2e8f5f7dab/anyio-4.12.1-py3-none-any.whl", hash = "sha256:d405828884fc140aa80a3c667b8beed277f1dfedec42ba031bd6ac3db606ab6c", size = 113592, upload-time = "2026-01-06T11:45:19.497Z" },
]

[[package]]
name = "certifi"
version = "2026.2.25"
source = { registry = "https://pypi.org/simple" }
sdist = { url = "https://files.pythonhosted.org/packages/af/2d/7bf41579a8986e348fa033a31cdd0e4121114f6bce2457e8876010b092dd/certifi-2026.2.25.tar.gz", hash = "sha256:e887ab5cee78ea814d3472169153c2d12cd43b14bd03329a39a9c6e2e80bfba7", size = 155029, upload-time = "2026-02-25T02:54:17.342Z" }
wheels = [
    { url = "https://files.pythonhosted.org/packages/9a/3c/c17fb3ca2d9c3acff52e30b309f538586f9f5b9c9cf454f3845fc9af4881/certifi-2026.2.25-py3-none-any.whl", hash = "sha256:027692e4402ad994f1c42e52a4997a9763c646b73e4096e4d5d6db8af1d6f0fa", size = 153684, upload-time = "2026-02-25T02:54:15.766Z" },
]

[[package]]
name = "cloakbrowser"
version = "0.3.18"
source = { registry = "https://pypi.org/simple" }
dependencies = [
    { name = "httpx" },
    { name = "playwright" },
]
sdist = { url = "https://files.pythonhosted.org/packages/54/19/e6e07d32a1463039780b625f1eeb792ed8da803a312b438ce706f34c4ef7/cloakbrowser-0.3.18.tar.gz", hash = "sha256:48874975cad210c7a1d1042d8cabb3eabdf888b607b369f607ea1f17e6982725", size = 5244832, upload-time = "2026-03-15T16:23:02.032Z" }
wheels = [
    { url = "https://files.pythonhosted.org/packages/c8/f3/fd3f00535420543ce9add0ccee66d9afe75c7c669af6f118f736f4987a6a/cloakbrowser-0.3.18-py3-none-any.whl", hash = "sha256:a47e66b7162cb3ec654d597525f743f5f104a8d16d3ea0cb4ae0f58956f59dd9", size = 53055, upload-time = "2026-03-15T16:23:00.416Z" },
]

[[package]]
name = "colorama"
version = "0.4.6"
source = { registry = "https://pypi.org/simple" }
sdist = { url = "https://files.pythonhosted.org/packages/d8/53/6f443c9a4a8358a93a6792e2acffb9d9d5cb0a5cfd8802644b7b1c9a02e4/colorama-0.4.6.tar.gz", hash = "sha256:08695f5cb7ed6e0531a20572697297273c47b8cae5a63ffc6d6ed5c201be6e44", size = 27697, upload-time = "2022-10-25T02:36:22.414Z" }
wheels = [
    { url = "https://files.pythonhosted.org/packages/d1/d6/3965ed04c63042e047cb6a3e6ed1a63a35087b6a609aa3a15ed8ac56c221/colorama-0.4.6-py2.py3-none-any.whl", hash = "sha256:4f1d9991f5acc0ca119f9d443620b77f9d6b33703e51011c16baf57afb285fc6", size = 25335, upload-time = "2022-10-25T02:36:20.889Z" },
]

[[package]]
name = "greenlet"
version = "3.3.2"
source = { registry = "https://pypi.org/simple" }
sdist = { url = "https://files.pythonhosted.org/packages/a3/51/1664f6b78fc6ebbd98019a1fd730e83fa78f2db7058f72b1463d3612b8db/greenlet-3.3.2.tar.gz", hash = "sha256:2eaf067fc6d886931c7962e8c6bede15d2f01965560f3359b27c80bde2d151f2", size = 188267, upload-time = "2026-02-20T20:54:15.531Z" }
wheels = [
    { url = "https://files.pythonhosted.org/packages/ea/ab/1608e5a7578e62113506740b88066bf09888322a311cff602105e619bd87/greenlet-3.3.2-cp312-cp312-macosx_11_0_universal2.whl", hash = "sha256:ac8d61d4343b799d1e526db579833d72f23759c71e07181c2d2944e429eb09cd", size = 280358, upload-time = "2026-02-20T20:17:43.971Z" },
    { url = "https://files.pythonhosted.org/packages/a5/23/0eae412a4ade4e6623ff7626e38998cb9b11e9ff1ebacaa021e4e108ec15/greenlet-3.3.2-cp312-cp312-manylinux_2_24_aarch64.manylinux_2_28_aarch64.whl", hash = "sha256:3ceec72030dae6ac0c8ed7591b96b70410a8be370b6a477b1dbc072856ad02bd", size = 601217, upload-time = "2026-02-20T20:47:31.462Z" },
    { url = "https://files.pythonhosted.org/packages/f8/16/5b1678a9c07098ecb9ab2dd159fafaf12e963293e61ee8d10ecb55273e5e/greenlet-3.3.2-cp312-cp312-manylinux_2_24_ppc64le.manylinux_2_28_ppc64le.whl", hash = "sha256:a2a5be83a45ce6188c045bcc44b0ee037d6a518978de9a5d97438548b953a1ac", size = 611792, upload-time = "2026-02-20T20:55:58.423Z" },
    { url = "https://files.pythonhosted.org/packages/5c/c5/cc09412a29e43406eba18d61c70baa936e299bc27e074e2be3806ed29098/greenlet-3.3.2-cp312-cp312-manylinux_2_24_s390x.manylinux_2_28_s390x.whl", hash = "sha256:ae9e21c84035c490506c17002f5c8ab25f980205c3e61ddb3a2a2a2e6c411fcb", size = 626250, upload-time = "2026-02-20T21:02:46.596Z" },
    { url = "https://files.pythonhosted.org/packages/50/1f/5155f55bd71cabd03765a4aac9ac446be129895271f73872c36ebd4b04b6/greenlet-3.3.2-cp312-cp312-manylinux_2_24_x86_64.manylinux_2_28_x86_64.whl", hash = "sha256:43e99d1749147ac21dde49b99c9abffcbc1e2d55c67501465ef0930d6e78e070", size = 613875, upload-time = "2026-02-20T20:21:01.102Z" },
    { url = "https://files.pythonhosted.org/packages/fc/dd/845f249c3fcd69e32df80cdab059b4be8b766ef5830a3d0aa9d6cad55beb/greenlet-3.3.2-cp312-cp312-musllinux_1_2_aarch64.whl", hash = "sha256:4c956a19350e2c37f2c48b336a3afb4bff120b36076d9d7fb68cb44e05d95b79", size = 1571467, upload-time = "2026-02-20T20:49:33.495Z" },
    { url = "https://files.pythonhosted.org/packages/2a/50/2649fe21fcc2b56659a452868e695634722a6655ba245d9f77f5656010bf/greenlet-3.3.2-cp312-cp312-musllinux_1_2_x86_64.whl", hash = "sha256:6c6f8ba97d17a1e7d664151284cb3315fc5f8353e75221ed4324f84eb162b395", size = 1640001, upload-time = "2026-02-20T20:21:09.154Z" },
    { url = "https://files.pythonhosted.org/packages/9b/40/cc802e067d02af8b60b6771cea7d57e21ef5e6659912814babb42b864713/greenlet-3.3.2-cp312-cp312-win_amd64.whl", hash = "sha256:34308836d8370bddadb41f5a7ce96879b72e2fdfb4e87729330c6ab52376409f", size = 231081, upload-time = "2026-02-20T20:17:28.121Z" },
    { url = "https://files.pythonhosted.org/packages/58/2e/fe7f36ff1982d6b10a60d5e0740c759259a7d6d2e1dc41da6d96de32fff6/greenlet-3.3.2-cp312-cp312-win_arm64.whl", hash = "sha256:d3a62fa76a32b462a97198e4c9e99afb9ab375115e74e9a83ce180e7a496f643", size = 230331, upload-time = "2026-02-20T20:17:23.34Z" },
    { url = "https://files.pythonhosted.org/packages/ac/48/f8b875fa7dea7dd9b33245e37f065af59df6a25af2f9561efa8d822fde51/greenlet-3.3.2-cp313-cp313-macosx_11_0_universal2.whl", hash = "sha256:aa6ac98bdfd716a749b84d4034486863fd81c3abde9aa3cf8eff9127981a4ae4", size = 279120, upload-time = "2026-02-20T20:19:01.9Z" },
    { url = "https://files.pythonhosted.org/packages/49/8d/9771d03e7a8b1ee456511961e1b97a6d77ae1dea4a34a5b98eee706689d3/greenlet-3.3.2-cp313-cp313-manylinux_2_24_aarch64.manylinux_2_28_aarch64.whl", hash = "sha256:ab0c7e7901a00bc0a7284907273dc165b32e0d109a6713babd04471327ff7986", size = 603238, upload-time = "2026-02-20T20:47:32.873Z" },
    { url = "https://files.pythonhosted.org/packages/59/0e/4223c2bbb63cd5c97f28ffb2a8aee71bdfb30b323c35d409450f51b91e3e/greenlet-3.3.2-cp313-cp313-manylinux_2_24_ppc64le.manylinux_2_28_ppc64le.whl", hash = "sha256:d248d8c23c67d2291ffd47af766e2a3aa9fa1c6703155c099feb11f526c63a92", size = 614219, upload-time = "2026-02-20T20:55:59.817Z" },
    { url = "https://files.pythonhosted.org/packages/94/2b/4d012a69759ac9d77210b8bfb128bc621125f5b20fc398bce3940d036b1c/greenlet-3.3.2-cp313-cp313-manylinux_2_24_s390x.manylinux_2_28_s390x.whl", hash = "sha256:ccd21bb86944ca9be6d967cf7691e658e43417782bce90b5d2faeda0ff78a7dd", size = 628268, upload-time = "2026-02-20T21:02:48.024Z" },
    { url = "https://files.pythonhosted.org/packages/7a/34/259b28ea7a2a0c904b11cd36c79b8cef8019b26ee5dbe24e73b469dea347/greenlet-3.3.2-cp313-cp313-manylinux_2_24_x86_64.manylinux_2_28_x86_64.whl", hash = "sha256:b6997d360a4e6a4e936c0f9625b1c20416b8a0ea18a8e19cabbefc712e7397ab", size = 616774, upload-time = "2026-02-20T20:21:02.454Z" },
    { url = "https://files.pythonhosted.org/packages/0a/03/996c2d1689d486a6e199cb0f1cf9e4aa940c500e01bdf201299d7d61fa69/greenlet-3.3.2-cp313-cp313-musllinux_1_2_aarch64.whl", hash = "sha256:64970c33a50551c7c50491671265d8954046cb6e8e2999aacdd60e439b70418a", size = 1571277, upload-time = "2026-02-20T20:49:34.795Z" },
    { url = "https://files.pythonhosted.org/packages/d9/c4/2570fc07f34a39f2caf0bf9f24b0a1a0a47bc2e8e465b2c2424821389dfc/greenlet-3.3.2-cp313-cp313-musllinux_1_2_x86_64.whl", hash = "sha256:1a9172f5bf6bd88e6ba5a84e0a68afeac9dc7b6b412b245dd64f52d83c81e55b", size = 1640455, upload-time = "2026-02-20T20:21:10.261Z" },
    { url = "https://files.pythonhosted.org/packages/91/39/5ef5aa23bc545aa0d31e1b9b55822b32c8da93ba657295840b6b34124009/greenlet-3.3.2-cp313-cp313-win_amd64.whl", hash = "sha256:a7945dd0eab63ded0a48e4dcade82939783c172290a7903ebde9e184333ca124", size = 230961, upload-time = "2026-02-20T20:16:58.461Z" },
    { url = "https://files.pythonhosted.org/packages/62/6b/a89f8456dcb06becff288f563618e9f20deed8dd29beea14f9a168aef64b/greenlet-3.3.2-cp313-cp313-win_arm64.whl", hash = "sha256:394ead29063ee3515b4e775216cb756b2e3b4a7e55ae8fd884f17fa579e6b327", size = 230221, upload-time = "2026-02-20T20:17:37.152Z" },
    { url = "https://files.pythonhosted.org/packages/3f/ae/8bffcbd373b57a5992cd077cbe8858fff39110480a9d50697091faea6f39/greenlet-3.3.2-cp314-cp314-macosx_11_0_universal2.whl", hash = "sha256:8d1658d7291f9859beed69a776c10822a0a799bc4bfe1bd4272bb60e62507dab", size = 279650, upload-time = "2026-02-20T20:18:00.783Z" },
    { url = "https://files.pythonhosted.org/packages/d1/c0/45f93f348fa49abf32ac8439938726c480bd96b2a3c6f4d949ec0124b69f/greenlet-3.3.2-cp314-cp314-manylinux_2_24_aarch64.manylinux_2_28_aarch64.whl", hash = "sha256:18cb1b7337bca281915b3c5d5ae19f4e76d35e1df80f4ad3c1a7be91fadf1082", size = 650295, upload-time = "2026-02-20T20:47:34.036Z" },
    { url = "https://files.pythonhosted.org/packages/b3/de/dd7589b3f2b8372069ab3e4763ea5329940fc7ad9dcd3e272a37516d7c9b/greenlet-3.3.2-cp314-cp314-manylinux_2_24_ppc64le.manylinux_2_28_ppc64le.whl", hash = "sha256:c2e47408e8ce1c6f1ceea0dffcdf6ebb85cc09e55c7af407c99f1112016e45e9", size = 662163, upload-time = "2026-02-20T20:56:01.295Z" },
    { url = "https://files.pythonhosted.org/packages/cd/ac/85804f74f1ccea31ba518dcc8ee6f14c79f73fe36fa1beba38930806df09/greenlet-3.3.2-cp314-cp314-manylinux_2_24_s390x.manylinux_2_28_s390x.whl", hash = "sha256:e3cb43ce200f59483eb82949bf1835a99cf43d7571e900d7c8d5c62cdf25d2f9", size = 675371, upload-time = "2026-02-20T21:02:49.664Z" },
    { url = "https://files.pythonhosted.org/packages/d2/d8/09bfa816572a4d83bccd6750df1926f79158b1c36c5f73786e26dbe4ee38/greenlet-3.3.2-cp314-cp314-manylinux_2_24_x86_64.manylinux_2_28_x86_64.whl", hash = "sha256:63d10328839d1973e5ba35e98cccbca71b232b14051fd957b6f8b6e8e80d0506", size = 664160, upload-time = "2026-02-20T20:21:04.015Z" },
    { url = "https://files.pythonhosted.org/packages/48/cf/56832f0c8255d27f6c35d41b5ec91168d74ec721d85f01a12131eec6b93c/greenlet-3.3.2-cp314-cp314-musllinux_1_2_aarch64.whl", hash = "sha256:8e4ab3cfb02993c8cc248ea73d7dae6cec0253e9afa311c9b37e603ca9fad2ce", size = 1619181, upload-time = "2026-02-20T20:49:36.052Z" },
    { url = "https://files.pythonhosted.org/packages/0a/23/b90b60a4aabb4cec0796e55f25ffbfb579a907c3898cd2905c8918acaa16/greenlet-3.3.2-cp314-cp314-musllinux_1_2_x86_64.whl", hash = "sha256:94ad81f0fd3c0c0681a018a976e5c2bd2ca2d9d94895f23e7bb1af4e8af4e2d5", size = 1687713, upload-time = "2026-02-20T20:21:11.684Z" },
    { url = "https://files.pythonhosted.org/packages/f3/ca/2101ca3d9223a1dc125140dbc063644dca76df6ff356531eb27bc267b446/greenlet-3.3.2-cp314-cp314-win_amd64.whl", hash = "sha256:8c4dd0f3997cf2512f7601563cc90dfb8957c0cff1e3a1b23991d4ea1776c492", size = 232034, upload-time = "2026-02-20T20:20:08.186Z" },
    { url = "https://files.pythonhosted.org/packages/f6/4a/ecf894e962a59dea60f04877eea0fd5724618da89f1867b28ee8b91e811f/greenlet-3.3.2-cp314-cp314-win_arm64.whl", hash = "sha256:cd6f9e2bbd46321ba3bbb4c8a15794d32960e3b0ae2cc4d49a1a53d314805d71", size = 231437, upload-time = "2026-02-20T20:18:59.722Z" },
    { url = "https://files.pythonhosted.org/packages/98/6d/8f2ef704e614bcf58ed43cfb8d87afa1c285e98194ab2cfad351bf04f81e/greenlet-3.3.2-cp314-cp314t-macosx_11_0_universal2.whl", hash = "sha256:e26e72bec7ab387ac80caa7496e0f908ff954f31065b0ffc1f8ecb1338b11b54", size = 286617, upload-time = "2026-02-20T20:19:29.856Z" },
    { url = "https://files.pythonhosted.org/packages/5e/0d/93894161d307c6ea237a43988f27eba0947b360b99ac5239ad3fe09f0b47/greenlet-3.3.2-cp314-cp314t-manylinux_2_24_aarch64.manylinux_2_28_aarch64.whl", hash = "sha256:8b466dff7a4ffda6ca975979bab80bdadde979e29fc947ac3be4451428d8b0e4", size = 655189, upload-time = "2026-02-20T20:47:35.742Z" },
    { url = "https://files.pythonhosted.org/packages/f5/2c/d2d506ebd8abcb57386ec4f7ba20f4030cbe56eae541bc6fd6ef399c0b41/greenlet-3.3.2-cp314-cp314t-manylinux_2_24_ppc64le.manylinux_2_28_ppc64le.whl", hash = "sha256:b8bddc5b73c9720bea487b3bffdb1840fe4e3656fba3bd40aa1489e9f37877ff", size = 658225, upload-time = "2026-02-20T20:56:02.527Z" },
    { url = "https://files.pythonhosted.org/packages/d1/67/8197b7e7e602150938049d8e7f30de1660cfb87e4c8ee349b42b67bdb2e1/greenlet-3.3.2-cp314-cp314t-manylinux_2_24_s390x.manylinux_2_28_s390x.whl", hash = "sha256:59b3e2c40f6706b05a9cd299c836c6aa2378cabe25d021acd80f13abf81181cf", size = 666581, upload-time = "2026-02-20T21:02:51.526Z" },
    { url = "https://files.pythonhosted.org/packages/8e/30/3a09155fbf728673a1dea713572d2d31159f824a37c22da82127056c44e4/greenlet-3.3.2-cp314-cp314t-manylinux_2_24_x86_64.manylinux_2_28_x86_64.whl", hash = "sha256:b26b0f4428b871a751968285a1ac9648944cea09807177ac639b030bddebcea4", size = 657907, upload-time = "2026-02-20T20:21:05.259Z" },
    { url = "https://files.pythonhosted.org/packages/f3/fd/d05a4b7acd0154ed758797f0a43b4c0962a843bedfe980115e842c5b2d08/greenlet-3.3.2-cp314-cp314t-musllinux_1_2_aarch64.whl", hash = "sha256:1fb39a11ee2e4d94be9a76671482be9398560955c9e568550de0224e41104727", size = 1618857, upload-time = "2026-02-20T20:49:37.309Z" },
    { url = "https://files.pythonhosted.org/packages/6f/e1/50ee92a5db521de8f35075b5eff060dd43d39ebd46c2181a2042f7070385/greenlet-3.3.2-cp314-cp314t-musllinux_1_2_x86_64.whl", hash = "sha256:20154044d9085151bc309e7689d6f7ba10027f8f5a8c0676ad398b951913d89e", size = 1680010, upload-time = "2026-02-20T20:21:13.427Z" },
    { url = "https://files.pythonhosted.org/packages/29/4b/45d90626aef8e65336bed690106d1382f7a43665e2249017e9527df8823b/greenlet-3.3.2-cp314-cp314t-win_amd64.whl", hash = "sha256:c04c5e06ec3e022cbfe2cd4a846e1d4e50087444f875ff6d2c2ad8445495cf1a", size = 237086, upload-time = "2026-02-20T20:20:45.786Z" },
]

[[package]]
name = "h11"
version = "0.16.0"
source = { registry = "https://pypi.org/simple" }
sdist = { url = "https://files.pythonhosted.org/packages/01/ee/02a2c011bdab74c6fb3c75474d40b3052059d95df7e73351460c8588d963/h11-0.16.0.tar.gz", hash = "sha256:4e35b956cf45792e4caa5885e69fba00bdbc6ffafbfa020300e549b208ee5ff1", size = 101250, upload-time = "2025-04-24T03:35:25.427Z" }
wheels = [
    { url = "https://files.pythonhosted.org/packages/04/4b/29cac41a4d98d144bf5f6d33995617b185d14b22401f75ca86f384e87ff1/h11-0.16.0-py3-none-any.whl", hash = "sha256:63cf8bbe7522de3bf65932fda1d9c2772064ffb3dae62d55932da54b31cb6c86", size = 37515, upload-time = "2025-04-24T03:35:24.344Z" },
]

[[package]]
name = "httpcore"
version = "1.0.9"
source = { registry = "https://pypi.org/simple" }
dependencies = [
    { name = "certifi" },
    { name = "h11" },
]
sdist = { url = "https://files.pythonhosted.org/packages/06/94/82699a10bca87a5556c9c59b5963f2d039dbd239f25bc2a63907a05a14cb/httpcore-1.0.9.tar.gz", hash = "sha256:6e34463af53fd2ab5d807f399a9b45ea31c3dfa2276f15a2c3f00afff6e176e8", size = 85484, upload-time = "2025-04-24T22:06:22.219Z" }
wheels = [
    { url = "https://files.pythonhosted.org/packages/7e/f5/f66802a942d491edb555dd61e3a9961140fd64c90bce1eafd741609d334d/httpcore-1.0.9-py3-none-any.whl", hash = "sha256:2d400746a40668fc9dec9810239072b40b4484b640a8c38fd654a024c7a1bf55", size = 78784, upload-time = "2025-04-24T22:06:20.566Z" },
]

[[package]]
name = "httpx"
version = "0.28.1"
source = { registry = "https://pypi.org/simple" }
dependencies = [
    { name = "anyio" },
    { name = "certifi" },
    { name = "httpcore" },
    { name = "idna" },
]
sdist = { url = "https://files.pythonhosted.org/packages/b1/df/48c586a5fe32a0f01324ee087459e112ebb7224f646c0b5023f5e79e9956/httpx-0.28.1.tar.gz", hash = "sha256:75e98c5f16b0f35b567856f597f06ff2270a374470a5c2392242528e3e3e42fc", size = 141406, upload-time = "2024-12-06T15:37:23.222Z" }
wheels = [
    { url = "https://files.pythonhosted.org/packages/2a/39/e50c7c3a983047577ee07d2a9e53faf5a69493943ec3f6a384bdc792deb2/httpx-0.28.1-py3-none-any.whl", hash = "sha256:d909fcccc110f8c7faf814ca82a9a4d816bc5a6dbfea25d6591d6985b8ba59ad", size = 73517, upload-time = "2024-12-06T15:37:21.509Z" },
]

[[package]]
name = "idna"
version = "3.11"
source = { registry = "https://pypi.org/simple" }
sdist = { url = "https://files.pythonhosted.org/packages/6f/6d/0703ccc57f3a7233505399edb88de3cbd678da106337b9fcde432b65ed60/idna-3.11.tar.gz", hash = "sha256:795dafcc9c04ed0c1fb032c2aa73654d8e8c5023a7df64a53f39190ada629902", size = 194582, upload-time = "2025-10-12T14:55:20.501Z" }
wheels = [
    { url = "https://files.pythonhosted.org/packages/0e/61/66938bbb5fc52dbdf84594873d5b51fb1f7c7794e9c0f5bd885f30bc507b/idna-3.11-py3-none-any.whl", hash = "sha256:771a87f49d9defaf64091e6e6fe9c18d4833f140bd19464795bc32d966ca37ea", size = 71008, upload-time = "2025-10-12T14:55:18.883Z" },
]

[[package]]
name = "jeepney"
version = "0.9.0"
source = { registry = "https://pypi.org/simple" }
sdist = { url = "https://files.pythonhosted.org/packages/7b/6f/357efd7602486741aa73ffc0617fb310a29b588ed0fd69c2399acbb85b0c/jeepney-0.9.0.tar.gz", hash = "sha256:cf0e9e845622b81e4a28df94c40345400256ec608d0e55bb8a3feaa9163f5732", size = 106758, upload-time = "2025-02-27T18:51:01.684Z" }
wheels = [
    { url = "https://files.pythonhosted.org/packages/b2/a3/e137168c9c44d18eff0376253da9f1e9234d0239e0ee230d2fee6cea8e55/jeepney-0.9.0-py3-none-any.whl", hash = "sha256:97e5714520c16fc0a45695e5365a2e11b81ea79bba796e26f9f1d178cb182683", size = 49010, upload-time = "2025-02-27T18:51:00.104Z" },
]

[[package]]
name = "loguru"
version = "0.6.0"
source = { registry = "https://pypi.org/simple" }
dependencies = [
    { name = "colorama", marker = "sys_platform == 'win32'" },
    { name = "win32-setctime", marker = "sys_platform == 'win32'" },
]
sdist = { url = "https://files.pythonhosted.org/packages/75/1f/d3818863e4be96bd641c4643c535a98f0fa2a12efa7c8ba35f763fa778ee/loguru-0.6.0.tar.gz", hash = "sha256:066bd06758d0a513e9836fd9c6b5a75bfb3fd36841f4b996bc60b547a309d41c", size = 123158, upload-time = "2022-01-29T13:47:31.879Z" }
wheels = [
    { url = "https://files.pythonhosted.org/packages/fe/21/e1d1da2586865a159fc73b611f36bdd50b6c4043cb6132d3d5e972988028/loguru-0.6.0-py3-none-any.whl", hash = "sha256:4e2414d534a2ab57573365b3e6d0234dfb1d84b68b7f3b948e6fb743860a77c3", size = 58317, upload-time = "2022-01-29T13:47:29.921Z" },
]

[[package]]
name = "notify-py"
version = "0.3.43"
source = { registry = "https://pypi.org/simple" }
dependencies = [
    { name = "jeepney", marker = "sys_platform == 'linux'" },
    { name = "loguru" },
]
sdist = { url = "https://files.pythonhosted.org/packages/06/2b/fc68aeed5108185922c5469484e15c192dff01d61eddfab0c1c256e4f54c/notify_py-0.3.43.tar.gz", hash = "sha256:16ee146d48f16bae5dad233db66014a387efd2c6ed2c4caf1e08aef432070513", size = 648145, upload-time = "2024-06-05T14:40:38.487Z" }
wheels = [
    { url = "https://files.pythonhosted.org/packages/87/b4/649f16520ed0a64c275861dcaf9c1291d079f742aa2bf9102fdd168e4197/notify_py-0.3.43-py3-none-any.whl", hash = "sha256:90da686b480bf05d033b21fb5118662bb7a4c68e68cb21d93a048ca7b867f9b4", size = 649803, upload-time = "2024-06-05T14:40:36.733Z" },
]

[[package]]
name = "nuitka"
version = "4.0.6"
source = { registry = "https://pypi.org/simple" }
sdist = { url = "https://files.pythonhosted.org/packages/0a/4b/4923ebb606657c26d53969e1d864c89f2f4a8eca7b6ab45bed66060c9cae/nuitka-4.0.6.tar.gz", hash = "sha256:9c14827058faf27414b6d28f5a27ef709fd6aa9b5f04af20e01b42889ac25b5c", size = 4421620, upload-time = "2026-03-18T14:29:00.275Z" }

[package.optional-dependencies]
onefile = [
    { name = "zstandard" },
]

[[package]]
name = "playwright"
version = "1.58.0"
source = { registry = "https://pypi.org/simple" }
dependencies = [
    { name = "greenlet" },
    { name = "pyee" },
]
wheels = [
    { url = "https://files.pythonhosted.org/packages/f8/c9/9c6061d5703267f1baae6a4647bfd1862e386fbfdb97d889f6f6ae9e3f64/playwright-1.58.0-py3-none-macosx_10_13_x86_64.whl", hash = "sha256:96e3204aac292ee639edbfdef6298b4be2ea0a55a16b7068df91adac077cc606", size = 42251098, upload-time = "2026-01-30T15:09:24.028Z" },
    { url = "https://files.pythonhosted.org/packages/e0/40/59d34a756e02f8c670f0fee987d46f7ee53d05447d43cd114ca015cb168c/playwright-1.58.0-py3-none-macosx_11_0_arm64.whl", hash = "sha256:70c763694739d28df71ed578b9c8202bb83e8fe8fb9268c04dd13afe36301f71", size = 41039625, upload-time = "2026-01-30T15:09:27.558Z" },
    { url = "https://files.pythonhosted.org/packages/e1/ee/3ce6209c9c74a650aac9028c621f357a34ea5cd4d950700f8e2c4b7fe2c4/playwright-1.58.0-py3-none-macosx_11_0_universal2.whl", hash = "sha256:185e0132578733d02802dfddfbbc35f42be23a45ff49ccae5081f25952238117", size = 42251098, upload-time = "2026-01-30T15:09:30.461Z" },
    { url = "https://files.pythonhosted.org/packages/f1/af/009958cbf23fac551a940d34e3206e6c7eed2b8c940d0c3afd1feb0b0589/playwright-1.58.0-py3-none-manylinux1_x86_64.whl", hash = "sha256:c95568ba1eda83812598c1dc9be60b4406dffd60b149bc1536180ad108723d6b", size = 46235268, upload-time = "2026-01-30T15:09:33.787Z" },
    { url = "https://files.pythonhosted.org/packages/d9/a6/0e66ad04b6d3440dae73efb39540c5685c5fc95b17c8b29340b62abbd952/playwright-1.58.0-py3-none-manylinux_2_17_aarch64.manylinux2014_aarch64.whl", hash = "sha256:8f9999948f1ab541d98812de25e3a8c410776aa516d948807140aff797b4bffa", size = 45964214, upload-time = "2026-01-30T15:09:36.751Z" },
    { url = "https://files.pythonhosted.org/packages/0e/4b/236e60ab9f6d62ed0fd32150d61f1f494cefbf02304c0061e78ed80c1c32/playwright-1.58.0-py3-none-win32.whl", hash = "sha256:1e03be090e75a0fabbdaeab65ce17c308c425d879fa48bb1d7986f96bfad0b99", size = 36815998, upload-time = "2026-01-30T15:09:39.627Z" },
    { url = "https://files.pythonhosted.org/packages/41/f8/5ec599c5e59d2f2f336a05b4f318e733077cd5044f24adb6f86900c3e6a7/playwright-1.58.0-py3-none-win_amd64.whl", hash = "sha256:a2bf639d0ce33b3ba38de777e08697b0d8f3dc07ab6802e4ac53fb65e3907af8", size = 36816005, upload-time = "2026-01-30T15:09:42.449Z" },
    { url = "https://files.pythonhosted.org/packages/c8/c4/cc0229fea55c87d6c9c67fe44a21e2cd28d1d558a5478ed4d617e9fb0c93/playwright-1.58.0-py3-none-win_arm64.whl", hash = "sha256:32ffe5c303901a13a0ecab91d1c3f74baf73b84f4bedbb6b935f5bc11cc98e1b", size = 33085919, upload-time = "2026-01-30T15:09:45.71Z" },
]

[[package]]
name = "pyee"
version = "13.0.1"
source = { registry = "https://pypi.org/simple" }
dependencies = [
    { name = "typing-extensions" },
]
sdist = { url = "https://files.pythonhosted.org/packages/8b/04/e7c1fe4dc78a6fdbfd6c337b1c3732ff543b8a397683ab38378447baa331/pyee-13.0.1.tar.gz", hash = "sha256:0b931f7c14535667ed4c7e0d531716368715e860b988770fc7eb8578d1f67fc8", size = 31655, upload-time = "2026-02-14T21:12:28.044Z" }
wheels = [
    { url = "https://files.pythonhosted.org/packages/a0/c4/b4d4827c93ef43c01f599ef31453ccc1c132b353284fc6c87d535c233129/pyee-13.0.1-py3-none-any.whl", hash = "sha256:af2f8fede4171ef667dfded53f96e2ed0d6e6bd7ee3bb46437f77e3b57689228", size = 15659, upload-time = "2026-02-14T21:12:26.263Z" },
]

[[package]]
name = "tiktok-sequencia"
version = "0.1.0"
source = { virtual = "." }
dependencies = [
    { name = "cloakbrowser" },
    { name = "notify-py" },
]

[package.dev-dependencies]
build = [
    { name = "nuitka", extra = ["onefile"] },
]

[package.metadata]
requires-dist = [
    { name = "cloakbrowser", specifier = ">=0.3.18" },
    { name = "notify-py", specifier = ">=0.3.43" },
]

[package.metadata.requires-dev]
build = [{ name = "nuitka", extras = ["onefile"], specifier = ">=4.0.6" }]

[[package]]
name = "typing-extensions"
version = "4.15.0"
source = { registry = "https://pypi.org/simple" }
sdist = { url = "https://files.pythonhosted.org/packages/72/94/1a15dd82efb362ac84269196e94cf00f187f7ed21c242792a923cdb1c61f/typing_extensions-4.15.0.tar.gz", hash = "sha256:0cea48d173cc12fa28ecabc3b837ea3cf6f38c6d1136f85cbaaf598984861466", size = 109391, upload-time = "2025-08-25T13:49:26.313Z" }
wheels = [
    { url = "https://files.pythonhosted.org/packages/18/67/36e9267722cc04a6b9f15c7f3441c2363321a3ea07da7ae0c0707beb2a9c/typing_extensions-4.15.0-py3-none-any.whl", hash = "sha256:f0fa19c6845758ab08074a0cfa8b7aecb71c999ca73d62883bc25cc018c4e548", size = 44614, upload-time = "2025-08-25T13:49:24.86Z" },
]

[[package]]
name = "win32-setctime"
version = "1.2.0"
source = { registry = "https://pypi.org/simple" }
sdist = { url = "https://files.pythonhosted.org/packages/b3/8f/705086c9d734d3b663af0e9bb3d4de6578d08f46b1b101c2442fd9aecaa2/win32_setctime-1.2.0.tar.gz", hash = "sha256:ae1fdf948f5640aae05c511ade119313fb6a30d7eabe25fef9764dca5873c4c0", size = 4867, upload-time = "2024-12-07T15:28:28.314Z" }
wheels = [
    { url = "https://files.pythonhosted.org/packages/e1/07/c6fe3ad3e685340704d314d765b7912993bcb8dc198f0e7a89382d37974b/win32_setctime-1.2.0-py3-none-any.whl", hash = "sha256:95d644c4e708aba81dc3704a116d8cbc974d70b3bdb8be1d150e36be6e9d1390", size = 4083, upload-time = "2024-12-07T15:28:26.465Z" },
]

[[package]]
name = "zstandard"
version = "0.25.0"
source = { registry = "https://pypi.org/simple" }
sdist = { url = "https://files.pythonhosted.org/packages/fd/aa/3e0508d5a5dd96529cdc5a97011299056e14c6505b678fd58938792794b1/zstandard-0.25.0.tar.gz", hash = "sha256:7713e1179d162cf5c7906da876ec2ccb9c3a9dcbdffef0cc7f70c3667a205f0b", size = 711513, upload-time = "2025-09-14T22:15:54.002Z" }
wheels = [
    { url = "https://files.pythonhosted.org/packages/82/fc/f26eb6ef91ae723a03e16eddb198abcfce2bc5a42e224d44cc8b6765e57e/zstandard-0.25.0-cp312-cp312-macosx_10_13_x86_64.whl", hash = "sha256:7b3c3a3ab9daa3eed242d6ecceead93aebbb8f5f84318d82cee643e019c4b73b", size = 795738, upload-time = "2025-09-14T22:16:56.237Z" },
    { url = "https://files.pythonhosted.org/packages/aa/1c/d920d64b22f8dd028a8b90e2d756e431a5d86194caa78e3819c7bf53b4b3/zstandard-0.25.0-cp312-cp312-macosx_11_0_arm64.whl", hash = "sha256:913cbd31a400febff93b564a23e17c3ed2d56c064006f54efec210d586171c00", size = 640436, upload-time = "2025-09-14T22:16:57.774Z" },
    { url = "https://files.pythonhosted.org/packages/53/6c/288c3f0bd9fcfe9ca41e2c2fbfd17b2097f6af57b62a81161941f09afa76/zstandard-0.25.0-cp312-cp312-manylinux2010_i686.manylinux2014_i686.manylinux_2_12_i686.manylinux_2_17_i686.whl", hash = "sha256:011d388c76b11a0c165374ce660ce2c8efa8e5d87f34996aa80f9c0816698b64", size = 5343019, upload-time = "2025-09-14T22:16:59.302Z" },
    { url = "https://files.pythonhosted.org/packages/1e/15/efef5a2f204a64bdb5571e6161d49f7ef0fffdbca953a615efbec045f60f/zstandard-0.25.0-cp312-cp312-manylinux2014_aarch64.manylinux_2_17_aarch64.whl", hash = "sha256:6dffecc361d079bb48d7caef5d673c88c8988d3d33fb74ab95b7ee6da42652ea", size = 5063012, upload-time = "2025-09-14T22:17:01.156Z" },
    { url = "https://files.pythonhosted.org/packages/b7/37/a6ce629ffdb43959e92e87ebdaeebb5ac81c944b6a75c9c47e300f85abdf/zstandard-0.25.0-cp312-cp312-manylinux2014_ppc64le.manylinux_2_17_ppc64le.whl", hash = "sha256:7149623bba7fdf7e7f24312953bcf73cae103db8cae49f8154dd1eadc8a29ecb", size = 5394148, upload-time = "2025-09-14T22:17:03.091Z" },
    { url = "https://files.pythonhosted.org/packages/e3/79/2bf870b3abeb5c070fe2d670a5a8d1057a8270f125ef7676d29ea900f496/zstandard-0.25.0-cp312-cp312-manylinux2014_s390x.manylinux_2_17_s390x.whl", hash = "sha256:6a573a35693e03cf1d67799fd01b50ff578515a8aeadd4595d2a7fa9f3ec002a", size = 5451652, upload-time = "2025-09-14T22:17:04.979Z" },
    { url = "https://files.pythonhosted.org/packages/53/60/7be26e610767316c028a2cbedb9a3beabdbe33e2182c373f71a1c0b88f36/zstandard-0.25.0-cp312-cp312-manylinux2014_x86_64.manylinux_2_17_x86_64.whl", hash = "sha256:5a56ba0db2d244117ed744dfa8f6f5b366e14148e00de44723413b2f3938a902", size = 5546993, upload-time = "2025-09-14T22:17:06.781Z" },
    { url = "https://files.pythonhosted.org/packages/85/c7/3483ad9ff0662623f3648479b0380d2de5510abf00990468c286c6b04017/zstandard-0.25.0-cp312-cp312-musllinux_1_1_aarch64.whl", hash = "sha256:10ef2a79ab8e2974e2075fb984e5b9806c64134810fac21576f0668e7ea19f8f", size = 5046806, upload-time = "2025-09-14T22:17:08.415Z" },
    { url = "https://files.pythonhosted.org/packages/08/b3/206883dd25b8d1591a1caa44b54c2aad84badccf2f1de9e2d60a446f9a25/zstandard-0.25.0-cp312-cp312-musllinux_1_1_x86_64.whl", hash = "sha256:aaf21ba8fb76d102b696781bddaa0954b782536446083ae3fdaa6f16b25a1c4b", size = 5576659, upload-time = "2025-09-14T22:17:10.164Z" },
    { url = "https://files.pythonhosted.org/packages/9d/31/76c0779101453e6c117b0ff22565865c54f48f8bd807df2b00c2c404b8e0/zstandard-0.25.0-cp312-cp312-musllinux_1_2_aarch64.whl", hash = "sha256:1869da9571d5e94a85a5e8d57e4e8807b175c9e4a6294e3b66fa4efb074d90f6", size = 4953933, upload-time = "2025-09-14T22:17:11.857Z" },
    { url = "https://files.pythonhosted.org/packages/18/e1/97680c664a1bf9a247a280a053d98e251424af51f1b196c6d52f117c9720/zstandard-0.25.0-cp312-cp312-musllinux_1_2_i686.whl", hash = "sha256:809c5bcb2c67cd0ed81e9229d227d4ca28f82d0f778fc5fea624a9def3963f91", size = 5268008, upload-time = "2025-09-14T22:17:13.627Z" },
    { url = "https://files.pythonhosted.org/packages/1e/73/316e4010de585ac798e154e88fd81bb16afc5c5cb1a72eeb16dd37e8024a/zstandard-0.25.0-cp312-cp312-musllinux_1_2_ppc64le.whl", hash = "sha256:f27662e4f7dbf9f9c12391cb37b4c4c3cb90ffbd3b1fb9284dadbbb8935fa708", size = 5433517, upload-time = "2025-09-14T22:17:16.103Z" },
    { url = "https://files.pythonhosted.org/packages/5b/60/dd0f8cfa8129c5a0ce3ea6b7f70be5b33d2618013a161e1ff26c2b39787c/zstandard-0.25.0-cp312-cp312-musllinux_1_2_s390x.whl", hash = "sha256:99c0c846e6e61718715a3c9437ccc625de26593fea60189567f0118dc9db7512", size = 5814292, upload-time = "2025-09-14T22:17:17.827Z" },
    { url = "https://files.pythonhosted.org/packages/fc/5f/75aafd4b9d11b5407b641b8e41a57864097663699f23e9ad4dbb91dc6bfe/zstandard-0.25.0-cp312-cp312-musllinux_1_2_x86_64.whl", hash = "sha256:474d2596a2dbc241a556e965fb76002c1ce655445e4e3bf38e5477d413165ffa", size = 5360237, upload-time = "2025-09-14T22:17:19.954Z" },
    { url = "https://files.pythonhosted.org/packages/ff/8d/0309daffea4fcac7981021dbf21cdb2e3427a9e76bafbcdbdf5392ff99a4/zstandard-0.25.0-cp312-cp312-win32.whl", hash = "sha256:23ebc8f17a03133b4426bcc04aabd68f8236eb78c3760f12783385171b0fd8bd", size = 436922, upload-time = "2025-09-14T22:17:24.398Z" },
    { url = "https://files.pythonhosted.org/packages/79/3b/fa54d9015f945330510cb5d0b0501e8253c127cca7ebe8ba46a965df18c5/zstandard-0.25.0-cp312-cp312-win_amd64.whl", hash = "sha256:ffef5a74088f1e09947aecf91011136665152e0b4b359c42be3373897fb39b01", size = 506276, upload-time = "2025-09-14T22:17:21.429Z" },
    { url = "https://files.pythonhosted.org/packages/ea/6b/8b51697e5319b1f9ac71087b0af9a40d8a6288ff8025c36486e0c12abcc4/zstandard-0.25.0-cp312-cp312-win_arm64.whl", hash = "sha256:181eb40e0b6a29b3cd2849f825e0fa34397f649170673d385f3598ae17cca2e9", size = 462679, upload-time = "2025-09-14T22:17:23.147Z" },
    { url = "https://files.pythonhosted.org/packages/35/0b/8df9c4ad06af91d39e94fa96cc010a24ac4ef1378d3efab9223cc8593d40/zstandard-0.25.0-cp313-cp313-macosx_10_13_x86_64.whl", hash = "sha256:ec996f12524f88e151c339688c3897194821d7f03081ab35d31d1e12ec975e94", size = 795735, upload-time = "2025-09-14T22:17:26.042Z" },
    { url = "https://files.pythonhosted.org/packages/3f/06/9ae96a3e5dcfd119377ba33d4c42a7d89da1efabd5cb3e366b156c45ff4d/zstandard-0.25.0-cp313-cp313-macosx_11_0_arm64.whl", hash = "sha256:a1a4ae2dec3993a32247995bdfe367fc3266da832d82f8438c8570f989753de1", size = 640440, upload-time = "2025-09-14T22:17:27.366Z" },
    { url = "https://files.pythonhosted.org/packages/d9/14/933d27204c2bd404229c69f445862454dcc101cd69ef8c6068f15aaec12c/zstandard-0.25.0-cp313-cp313-manylinux2010_i686.manylinux2014_i686.manylinux_2_12_i686.manylinux_2_17_i686.whl", hash = "sha256:e96594a5537722fdfb79951672a2a63aec5ebfb823e7560586f7484819f2a08f", size = 5343070, upload-time = "2025-09-14T22:17:28.896Z" },
    { url = "https://files.pythonhosted.org/packages/6d/db/ddb11011826ed7db9d0e485d13df79b58586bfdec56e5c84a928a9a78c1c/zstandard-0.25.0-cp313-cp313-manylinux2014_aarch64.manylinux_2_17_aarch64.whl", hash = "sha256:bfc4e20784722098822e3eee42b8e576b379ed72cca4a7cb856ae733e62192ea", size = 5063001, upload-time = "2025-09-14T22:17:31.044Z" },
    { url = "https://files.pythonhosted.org/packages/db/00/87466ea3f99599d02a5238498b87bf84a6348290c19571051839ca943777/zstandard-0.25.0-cp313-cp313-manylinux2014_ppc64le.manylinux_2_17_ppc64le.whl", hash = "sha256:457ed498fc58cdc12fc48f7950e02740d4f7ae9493dd4ab2168a47c93c31298e", size = 5394120, upload-time = "2025-09-14T22:17:32.711Z" },
    { url = "https://files.pythonhosted.org/packages/2b/95/fc5531d9c618a679a20ff6c29e2b3ef1d1f4ad66c5e161ae6ff847d102a9/zstandard-0.25.0-cp313-cp313-manylinux2014_s390x.manylinux_2_17_s390x.whl", hash = "sha256:fd7a5004eb1980d3cefe26b2685bcb0b17989901a70a1040d1ac86f1d898c551", size = 5451230, upload-time = "2025-09-14T22:17:34.41Z" },
    { url = "https://files.pythonhosted.org/packages/63/4b/e3678b4e776db00f9f7b2fe58e547e8928ef32727d7a1ff01dea010f3f13/zstandard-0.25.0-cp313-cp313-manylinux2014_x86_64.manylinux_2_17_x86_64.whl", hash = "sha256:8e735494da3db08694d26480f1493ad2cf86e99bdd53e8e9771b2752a5c0246a", size = 5547173, upload-time = "2025-09-14T22:17:36.084Z" },
    { url = "https://files.pythonhosted.org/packages/4e/d5/ba05ed95c6b8ec30bd468dfeab20589f2cf709b5c940483e31d991f2ca58/zstandard-0.25.0-cp313-cp313-musllinux_1_1_aarch64.whl", hash = "sha256:3a39c94ad7866160a4a46d772e43311a743c316942037671beb264e395bdd611", size = 5046736, upload-time = "2025-09-14T22:17:37.891Z" },
    { url = "https://files.pythonhosted.org/packages/50/d5/870aa06b3a76c73eced65c044b92286a3c4e00554005ff51962deef28e28/zstandard-0.25.0-cp313-cp313-musllinux_1_1_x86_64.whl", hash = "sha256:172de1f06947577d3a3005416977cce6168f2261284c02080e7ad0185faeced3", size = 5576368, upload-time = "2025-09-14T22:17:40.206Z" },
    { url = "https://files.pythonhosted.org/packages/5d/35/398dc2ffc89d304d59bc12f0fdd931b4ce455bddf7038a0a67733a25f550/zstandard-0.25.0-cp313-cp313-musllinux_1_2_aarch64.whl", hash = "sha256:3c83b0188c852a47cd13ef3bf9209fb0a77fa5374958b8c53aaa699398c6bd7b", size = 4954022, upload-time = "2025-09-14T22:17:41.879Z" },
    { url = "https://files.pythonhosted.org/packages/9a/5c/36ba1e5507d56d2213202ec2b05e8541734af5f2ce378c5d1ceaf4d88dc4/zstandard-0.25.0-cp313-cp313-musllinux_1_2_i686.whl", hash = "sha256:1673b7199bbe763365b81a4f3252b8e80f44c9e323fc42940dc8843bfeaf9851", size = 5267889, upload-time = "2025-09-14T22:17:43.577Z" },
    { url = "https://files.pythonhosted.org/packages/70/e8/2ec6b6fb7358b2ec0113ae202647ca7c0e9d15b61c005ae5225ad0995df5/zstandard-0.25.0-cp313-cp313-musllinux_1_2_ppc64le.whl", hash = "sha256:0be7622c37c183406f3dbf0cba104118eb16a4ea7359eeb5752f0794882fc250", size = 5433952, upload-time = "2025-09-14T22:17:45.271Z" },
    { url = "https://files.pythonhosted.org/packages/7b/01/b5f4d4dbc59ef193e870495c6f1275f5b2928e01ff5a81fecb22a06e22fb/zstandard-0.25.0-cp313-cp313-musllinux_1_2_s390x.whl", hash = "sha256:5f5e4c2a23ca271c218ac025bd7d635597048b366d6f31f420aaeb715239fc98", size = 5814054, upload-time = "2025-09-14T22:17:47.08Z" },
    { url = "https://files.pythonhosted.org/packages/b2/e5/fbd822d5c6f427cf158316d012c5a12f233473c2f9c5fe5ab1ae5d21f3d8/zstandard-0.25.0-cp313-cp313-musllinux_1_2_x86_64.whl", hash = "sha256:4f187a0bb61b35119d1926aee039524d1f93aaf38a9916b8c4b78ac8514a0aaf", size = 5360113, upload-time = "2025-09-14T22:17:48.893Z" },
    { url = "https://files.pythonhosted.org/packages/8e/e0/69a553d2047f9a2c7347caa225bb3a63b6d7704ad74610cb7823baa08ed7/zstandard-0.25.0-cp313-cp313-win32.whl", hash = "sha256:7030defa83eef3e51ff26f0b7bfb229f0204b66fe18e04359ce3474ac33cbc09", size = 436936, upload-time = "2025-09-14T22:17:52.658Z" },
    { url = "https://files.pythonhosted.org/packages/d9/82/b9c06c870f3bd8767c201f1edbdf9e8dc34be5b0fbc5682c4f80fe948475/zstandard-0.25.0-cp313-cp313-win_amd64.whl", hash = "sha256:1f830a0dac88719af0ae43b8b2d6aef487d437036468ef3c2ea59c51f9d55fd5", size = 506232, upload-time = "2025-09-14T22:17:50.402Z" },
    { url = "https://files.pythonhosted.org/packages/d4/57/60c3c01243bb81d381c9916e2a6d9e149ab8627c0c7d7abb2d73384b3c0c/zstandard-0.25.0-cp313-cp313-win_arm64.whl", hash = "sha256:85304a43f4d513f5464ceb938aa02c1e78c2943b29f44a750b48b25ac999a049", size = 462671, upload-time = "2025-09-14T22:17:51.533Z" },
    { url = "https://files.pythonhosted.org/packages/3d/5c/f8923b595b55fe49e30612987ad8bf053aef555c14f05bb659dd5dbe3e8a/zstandard-0.25.0-cp314-cp314-macosx_10_13_x86_64.whl", hash = "sha256:e29f0cf06974c899b2c188ef7f783607dbef36da4c242eb6c82dcd8b512855e3", size = 795887, upload-time = "2025-09-14T22:17:54.198Z" },
    { url = "https://files.pythonhosted.org/packages/8d/09/d0a2a14fc3439c5f874042dca72a79c70a532090b7ba0003be73fee37ae2/zstandard-0.25.0-cp314-cp314-macosx_11_0_arm64.whl", hash = "sha256:05df5136bc5a011f33cd25bc9f506e7426c0c9b3f9954f056831ce68f3b6689f", size = 640658, upload-time = "2025-09-14T22:17:55.423Z" },
    { url = "https://files.pythonhosted.org/packages/5d/7c/8b6b71b1ddd517f68ffb55e10834388d4f793c49c6b83effaaa05785b0b4/zstandard-0.25.0-cp314-cp314-manylinux2010_i686.manylinux_2_12_i686.manylinux_2_28_i686.whl", hash = "sha256:f604efd28f239cc21b3adb53eb061e2a205dc164be408e553b41ba2ffe0ca15c", size = 5379849, upload-time = "2025-09-14T22:17:57.372Z" },
    { url = "https://files.pythonhosted.org/packages/a4/86/a48e56320d0a17189ab7a42645387334fba2200e904ee47fc5a26c1fd8ca/zstandard-0.25.0-cp314-cp314-manylinux2014_aarch64.manylinux_2_17_aarch64.manylinux_2_28_aarch64.whl", hash = "sha256:223415140608d0f0da010499eaa8ccdb9af210a543fac54bce15babbcfc78439", size = 5058095, upload-time = "2025-09-14T22:17:59.498Z" },
    { url = "https://files.pythonhosted.org/packages/f8/ad/eb659984ee2c0a779f9d06dbfe45e2dc39d99ff40a319895df2d3d9a48e5/zstandard-0.25.0-cp314-cp314-manylinux2014_ppc64le.manylinux_2_17_ppc64le.manylinux_2_28_ppc64le.whl", hash = "sha256:2e54296a283f3ab5a26fc9b8b5d4978ea0532f37b231644f367aa588930aa043", size = 5551751, upload-time = "2025-09-14T22:18:01.618Z" },
    { url = "https://files.pythonhosted.org/packages/61/b3/b637faea43677eb7bd42ab204dfb7053bd5c4582bfe6b1baefa80ac0c47b/zstandard-0.25.0-cp314-cp314-manylinux2014_s390x.manylinux_2_17_s390x.manylinux_2_28_s390x.whl", hash = "sha256:ca54090275939dc8ec5dea2d2afb400e0f83444b2fc24e07df7fdef677110859", size = 6364818, upload-time = "2025-09-14T22:18:03.769Z" },
    { url = "https://files.pythonhosted.org/packages/31/dc/cc50210e11e465c975462439a492516a73300ab8caa8f5e0902544fd748b/zstandard-0.25.0-cp314-cp314-manylinux2014_x86_64.manylinux_2_17_x86_64.manylinux_2_28_x86_64.whl", hash = "sha256:e09bb6252b6476d8d56100e8147b803befa9a12cea144bbe629dd508800d1ad0", size = 5560402, upload-time = "2025-09-14T22:18:05.954Z" },
    { url = "https://files.pythonhosted.org/packages/c9/ae/56523ae9c142f0c08efd5e868a6da613ae76614eca1305259c3bf6a0ed43/zstandard-0.25.0-cp314-cp314-musllinux_1_2_aarch64.whl", hash = "sha256:a9ec8c642d1ec73287ae3e726792dd86c96f5681eb8df274a757bf62b750eae7", size = 4955108, upload-time = "2025-09-14T22:18:07.68Z" },
    { url = "https://files.pythonhosted.org/packages/98/cf/c899f2d6df0840d5e384cf4c4121458c72802e8bda19691f3b16619f51e9/zstandard-0.25.0-cp314-cp314-musllinux_1_2_i686.whl", hash = "sha256:a4089a10e598eae6393756b036e0f419e8c1d60f44a831520f9af41c14216cf2", size = 5269248, upload-time = "2025-09-14T22:18:09.753Z" },
    { url = "https://files.pythonhosted.org/packages/1b/c0/59e912a531d91e1c192d3085fc0f6fb2852753c301a812d856d857ea03c6/zstandard-0.25.0-cp314-cp314-musllinux_1_2_ppc64le.whl", hash = "sha256:f67e8f1a324a900e75b5e28ffb152bcac9fbed1cc7b43f99cd90f395c4375344", size = 5430330, upload-time = "2025-09-14T22:18:11.966Z" },
    { url = "https://files.pythonhosted.org/packages/a0/1d/7e31db1240de2df22a58e2ea9a93fc6e38cc29353e660c0272b6735d6669/zstandard-0.25.0-cp314-cp314-musllinux_1_2_s390x.whl", hash = "sha256:9654dbc012d8b06fc3d19cc825af3f7bf8ae242226df5f83936cb39f5fdc846c", size = 5811123, upload-time = "2025-09-14T22:18:13.907Z" },
    { url = "https://files.pythonhosted.org/packages/f6/49/fac46df5ad353d50535e118d6983069df68ca5908d4d65b8c466150a4ff1/zstandard-0.25.0-cp314-cp314-musllinux_1_2_x86_64.whl", hash = "sha256:4203ce3b31aec23012d3a4cf4a2ed64d12fea5269c49aed5e4c3611b938e4088", size = 5359591, upload-time = "2025-09-14T22:18:16.465Z" },
    { url = "https://files.pythonhosted.org/packages/c2/38/f249a2050ad1eea0bb364046153942e34abba95dd5520af199aed86fbb49/zstandard-0.25.0-cp314-cp314-win32.whl", hash = "sha256:da469dc041701583e34de852d8634703550348d5822e66a0c827d39b05365b12", size = 444513, upload-time = "2025-09-14T22:18:20.61Z" },
    { url = "https://files.pythonhosted.org/packages/3a/43/241f9615bcf8ba8903b3f0432da069e857fc4fd1783bd26183db53c4804b/zstandard-0.25.0-cp314-cp314-win_amd64.whl", hash = "sha256:c19bcdd826e95671065f8692b5a4aa95c52dc7a02a4c5a0cac46deb879a017a2", size = 516118, upload-time = "2025-09-14T22:18:17.849Z" },
    { url = "https://files.pythonhosted.org/packages/f0/ef/da163ce2450ed4febf6467d77ccb4cd52c4c30ab45624bad26ca0a27260c/zstandard-0.25.0-cp314-cp314-win_arm64.whl", hash = "sha256:d7541afd73985c630bafcd6338d2518ae96060075f9463d7dc14cfb33514383d", size = 476940, upload-time = "2025-09-14T22:18:19.088Z" },
]
